// !$*UTF8*$!
{
	archiveVersion = 1;
	classes = {
	};
	objectVersion = 50;
	objects = {

/* Begin PBXBuildFile section */
		493DFBD0235DF407003B679E /* Profile.swift in Sources */ = {isa = PBXBuildFile; fileRef = 493DFBCF235DF407003B679E /* Profile.swift */; };
		493DFBD2235DF457003B679E /* ProfileHost.swift in Sources */ = {isa = PBXBuildFile; fileRef = 493DFBD1235DF457003B679E /* ProfileHost.swift */; };
		493DFBD4235DF605003B679E /* ProfileSummary.swift in Sources */ = {isa = PBXBuildFile; fileRef = 493DFBD3235DF605003B679E /* ProfileSummary.swift */; };
		493DFBD6235DF731003B679E /* HikeBadge.swift in Sources */ = {isa = PBXBuildFile; fileRef = 493DFBD5235DF731003B679E /* HikeBadge.swift */; };
		493DFBD8235DFBD3003B679E /* ProfileEditor.swift in Sources */ = {isa = PBXBuildFile; fileRef = 493DFBD7235DFBD3003B679E /* ProfileEditor.swift */; };
		4979B49F2345DF2000B34231 /* LandmarkRow.swift in Sources */ = {isa = PBXBuildFile; fileRef = 4979B49E2345DF2000B34231 /* LandmarkRow.swift */; };
		4979B4A12345DFE000B34231 /* LandmarkList.swift in Sources */ = {isa = PBXBuildFile; fileRef = 4979B4A02345DFE000B34231 /* LandmarkList.swift */; };
		4979B4A32345E14F00B34231 /* Data.swift in Sources */ = {isa = PBXBuildFile; fileRef = 4979B4A22345E14F00B34231 /* Data.swift */; };
		4979B4A52345E24B00B34231 /* ImageStore.swift in Sources */ = {isa = PBXBuildFile; fileRef = 4979B4A42345E24B00B34231 /* ImageStore.swift */; };
		4979B4CF23462F3C00B34231 /* charleyrivers.jpg in Resources */ = {isa = PBXBuildFile; fileRef = 4979B4C223462F3C00B34231 /* charleyrivers.jpg */; };
		4979B4D023462F3C00B34231 /* turtlerock.jpg in Resources */ = {isa = PBXBuildFile; fileRef = 4979B4C323462F3C00B34231 /* turtlerock.jpg */; };
		4979B4D123462F3C00B34231 /* silversalmoncreek.jpg in Resources */ = {isa = PBXBuildFile; fileRef = 4979B4C423462F3C00B34231 /* silversalmoncreek.jpg */; };
		4979B4D223462F3C00B34231 /* icybay.jpg in Resources */ = {isa = PBXBuildFile; fileRef = 4979B4C523462F3C00B34231 /* icybay.jpg */; };
		4979B4D323462F3C00B34231 /* lakemcdonald.jpg in Resources */ = {isa = PBXBuildFile; fileRef = 4979B4C623462F3C00B34231 /* lakemcdonald.jpg */; };
		4979B4D423462F3C00B34231 /* hiddenlake.jpg in Resources */ = {isa = PBXBuildFile; fileRef = 4979B4C723462F3C00B34231 /* hiddenlake.jpg */; };
		4979B4D523462F3C00B34231 /* twinlake.jpg in Resources */ = {isa = PBXBuildFile; fileRef = 4979B4C823462F3C00B34231 /* twinlake.jpg */; };
		4979B4D623462F3C00B34231 /* umbagog.jpg in Resources */ = {isa = PBXBuildFile; fileRef = 4979B4C923462F3C00B34231 /* umbagog.jpg */; };
		4979B4D723462F3C00B34231 /* chincoteague.jpg in Resources */ = {isa = PBXBuildFile; fileRef = 4979B4CA23462F3C00B34231 /* chincoteague.jpg */; };
		4979B4D823462F3C00B34231 /* yukon_charleyrivers.jpg in Resources */ = {isa = PBXBuildFile; fileRef = 4979B4CB23462F3C00B34231 /* yukon_charleyrivers.jpg */; };
		4979B4D923462F3C00B34231 /* stmarylake.jpg in Resources */ = {isa = PBXBuildFile; fileRef = 4979B4CC23462F3C00B34231 /* stmarylake.jpg */; };
		4979B4DA23462F3C00B34231 /* chilkoottrail.jpg in Resources */ = {isa = PBXBuildFile; fileRef = 4979B4CD23462F3C00B34231 /* chilkoottrail.jpg */; };
		4979B4DB23462F3C00B34231 /* rainbowlake.jpg in Resources */ = {isa = PBXBuildFile; fileRef = 4979B4CE23462F3C00B34231 /* rainbowlake.jpg */; };
		4979B4DD234631E500B34231 /* UserData.swift in Sources */ = {isa = PBXBuildFile; fileRef = 4979B4DC234631E500B34231 /* UserData.swift */; };
		497A24A22345CC8B00992A6F /* AppDelegate.swift in Sources */ = {isa = PBXBuildFile; fileRef = 497A24A12345CC8B00992A6F /* AppDelegate.swift */; };
		497A24A42345CC8B00992A6F /* SceneDelegate.swift in Sources */ = {isa = PBXBuildFile; fileRef = 497A24A32345CC8B00992A6F /* SceneDelegate.swift */; };
		497A24A62345CC8B00992A6F /* LandmarkDetail.swift in Sources */ = {isa = PBXBuildFile; fileRef = 497A24A52345CC8B00992A6F /* LandmarkDetail.swift */; };
		497A24A82345CC8D00992A6F /* Assets.xcassets in Resources */ = {isa = PBXBuildFile; fileRef = 497A24A72345CC8D00992A6F /* Assets.xcassets */; };
		497A24AB2345CC8D00992A6F /* Preview Assets.xcassets in Resources */ = {isa = PBXBuildFile; fileRef = 497A24AA2345CC8D00992A6F /* Preview Assets.xcassets */; };
		497A24AE2345CC8D00992A6F /* LaunchScreen.storyboard in Resources */ = {isa = PBXBuildFile; fileRef = 497A24AC2345CC8D00992A6F /* LaunchScreen.storyboard */; };
		497A24B62345D1F100992A6F /* CircleImage.swift in Sources */ = {isa = PBXBuildFile; fileRef = 497A24B52345D1F100992A6F /* CircleImage.swift */; };
		497A24B92345D3C700992A6F /* MapView.swift in Sources */ = {isa = PBXBuildFile; fileRef = 497A24B82345D3C700992A6F /* MapView.swift */; };
		497A24BC2345D8A800992A6F /* Landmark.swift in Sources */ = {isa = PBXBuildFile; fileRef = 497A24BB2345D8A800992A6F /* Landmark.swift */; };
		497A24BF2345DD1700992A6F /* landmarkData.json in Resources */ = {isa = PBXBuildFile; fileRef = 497A24BE2345DD1700992A6F /* landmarkData.json */; };
		49D1E59B234E1F1000109D08 /* Badge.swift in Sources */ = {isa = PBXBuildFile; fileRef = 49D1E59A234E1F1000109D08 /* Badge.swift */; };
		49D1E59D234E210F00109D08 /* HexagonParameters.swift in Sources */ = {isa = PBXBuildFile; fileRef = 49D1E59C234E210F00109D08 /* HexagonParameters.swift */; };
		49D1E59F234E258C00109D08 /* BadgeBackground.swift in Sources */ = {isa = PBXBuildFile; fileRef = 49D1E59E234E258C00109D08 /* BadgeBackground.swift */; };
		49D1E5A1234E25EA00109D08 /* BadgeSymbol.swift in Sources */ = {isa = PBXBuildFile; fileRef = 49D1E5A0234E25EA00109D08 /* BadgeSymbol.swift */; };
		49D1E5A3234E280500109D08 /* RotatedBadgeSymbol.swift in Sources */ = {isa = PBXBuildFile; fileRef = 49D1E5A2234E280500109D08 /* RotatedBadgeSymbol.swift */; };
		49E4E0B8234F731B008C93D0 /* Hike.swift in Sources */ = {isa = PBXBuildFile; fileRef = 49E4E0B7234F731B008C93D0 /* Hike.swift */; };
		49E4E0BC234F7375008C93D0 /* hikeData.json in Resources */ = {isa = PBXBuildFile; fileRef = 49E4E0BB234F7375008C93D0 /* hikeData.json */; };
		49E4E0BE234F73B0008C93D0 /* HikeGraph.swift in Sources */ = {isa = PBXBuildFile; fileRef = 49E4E0BD234F73B0008C93D0 /* HikeGraph.swift */; };
		49E4E0C0234F73E4008C93D0 /* GraphCapsule.swift in Sources */ = {isa = PBXBuildFile; fileRef = 49E4E0BF234F73E4008C93D0 /* GraphCapsule.swift */; };
		49E4E0C2234F74A7008C93D0 /* HikeView.swift in Sources */ = {isa = PBXBuildFile; fileRef = 49E4E0C1234F74A7008C93D0 /* HikeView.swift */; };
		49E4E0C4234F7748008C93D0 /* HikeDetail.swift in Sources */ = {isa = PBXBuildFile; fileRef = 49E4E0C3234F7748008C93D0 /* HikeDetail.swift */; };
		49FFA53A235C923200D30EA1 /* CategoryHome.swift in Sources */ = {isa = PBXBuildFile; fileRef = 49FFA539235C923200D30EA1 /* CategoryHome.swift */; };
		49FFA53C235C934D00D30EA1 /* CategoryRow.swift in Sources */ = {isa = PBXBuildFile; fileRef = 49FFA53B235C934D00D30EA1 /* CategoryRow.swift */; };
/* End PBXBuildFile section */

/* Begin PBXFileReference section */
		493DFBCF235DF407003B679E /* Profile.swift */ = {isa = PBXFileReference; lastKnownFileType = sourcecode.swift; path = Profile.swift; sourceTree = "<group>"; };
		493DFBD1235DF457003B679E /* ProfileHost.swift */ = {isa = PBXFileReference; lastKnownFileType = sourcecode.swift; path = ProfileHost.swift; sourceTree = "<group>"; };
		493DFBD3235DF605003B679E /* ProfileSummary.swift */ = {isa = PBXFileReference; lastKnownFileType = sourcecode.swift; path = ProfileSummary.swift; sourceTree = "<group>"; };
		493DFBD5235DF731003B679E /* HikeBadge.swift */ = {isa = PBXFileReference; lastKnownFileType = sourcecode.swift; path = HikeBadge.swift; sourceTree = "<group>"; };
		493DFBD7235DFBD3003B679E /* ProfileEditor.swift */ = {isa = PBXFileReference; lastKnownFileType = sourcecode.swift; path = ProfileEditor.swift; sourceTree = "<group>"; };
		4979B49E2345DF2000B34231 /* LandmarkRow.swift */ = {isa = PBXFileReference; lastKnownFileType = sourcecode.swift; path = LandmarkRow.swift; sourceTree = "<group>"; };
		4979B4A02345DFE000B34231 /* LandmarkList.swift */ = {isa = PBXFileReference; lastKnownFileType = sourcecode.swift; path = LandmarkList.swift; sourceTree = "<group>"; };
		4979B4A22345E14F00B34231 /* Data.swift */ = {isa = PBXFileReference; lastKnownFileType = sourcecode.swift; path = Data.swift; sourceTree = "<group>"; };
		4979B4A42345E24B00B34231 /* ImageStore.swift */ = {isa = PBXFileReference; lastKnownFileType = sourcecode.swift; path = ImageStore.swift; sourceTree = "<group>"; };
		4979B4C223462F3C00B34231 /* charleyrivers.jpg */ = {isa = PBXFileReference; lastKnownFileType = image.jpeg; path = charleyrivers.jpg; sourceTree = "<group>"; };
		4979B4C323462F3C00B34231 /* turtlerock.jpg */ = {isa = PBXFileReference; lastKnownFileType = image.jpeg; path = turtlerock.jpg; sourceTree = "<group>"; };
		4979B4C423462F3C00B34231 /* silversalmoncreek.jpg */ = {isa = PBXFileReference; lastKnownFileType = image.jpeg; path = silversalmoncreek.jpg; sourceTree = "<group>"; };
		4979B4C523462F3C00B34231 /* icybay.jpg */ = {isa = PBXFileReference; lastKnownFileType = image.jpeg; path = icybay.jpg; sourceTree = "<group>"; };
		4979B4C623462F3C00B34231 /* lakemcdonald.jpg */ = {isa = PBXFileReference; lastKnownFileType = image.jpeg; path = lakemcdonald.jpg; sourceTree = "<group>"; };
		4979B4C723462F3C00B34231 /* hiddenlake.jpg */ = {isa = PBXFileReference; lastKnownFileType = image.jpeg; path = hiddenlake.jpg; sourceTree = "<group>"; };
		4979B4C823462F3C00B34231 /* twinlake.jpg */ = {isa = PBXFileReference; lastKnownFileType = image.jpeg; path = twinlake.jpg; sourceTree = "<group>"; };
		4979B4C923462F3C00B34231 /* umbagog.jpg */ = {isa = PBXFileReference; lastKnownFileType = image.jpeg; path = umbagog.jpg; sourceTree = "<group>"; };
		4979B4CA23462F3C00B34231 /* chincoteague.jpg */ = {isa = PBXFileReference; lastKnownFileType = image.jpeg; path = chincoteague.jpg; sourceTree = "<group>"; };
		4979B4CB23462F3C00B34231 /* yukon_charleyrivers.jpg */ = {isa = PBXFileReference; lastKnownFileType = image.jpeg; path = yukon_charleyrivers.jpg; sourceTree = "<group>"; };
		4979B4CC23462F3C00B34231 /* stmarylake.jpg */ = {isa = PBXFileReference; lastKnownFileType = image.jpeg; path = stmarylake.jpg; sourceTree = "<group>"; };
		4979B4CD23462F3C00B34231 /* chilkoottrail.jpg */ = {isa = PBXFileReference; lastKnownFileType = image.jpeg; path = chilkoottrail.jpg; sourceTree = "<group>"; };
		4979B4CE23462F3C00B34231 /* rainbowlake.jpg */ = {isa = PBXFileReference; lastKnownFileType = image.jpeg; path = rainbowlake.jpg; sourceTree = "<group>"; };
		4979B4DC234631E500B34231 /* UserData.swift */ = {isa = PBXFileReference; lastKnownFileType = sourcecode.swift; path = UserData.swift; sourceTree = "<group>"; };
		497A249E2345CC8B00992A6F /* Landmarks.app */ = {isa = PBXFileReference; explicitFileType = wrapper.application; includeInIndex = 0; path = Landmarks.app; sourceTree = BUILT_PRODUCTS_DIR; };
		497A24A12345CC8B00992A6F /* AppDelegate.swift */ = {isa = PBXFileReference; lastKnownFileType = sourcecode.swift; path = AppDelegate.swift; sourceTree = "<group>"; };
		497A24A32345CC8B00992A6F /* SceneDelegate.swift */ = {isa = PBXFileReference; lastKnownFileType = sourcecode.swift; path = SceneDelegate.swift; sourceTree = "<group>"; };
		497A24A52345CC8B00992A6F /* LandmarkDetail.swift */ = {isa = PBXFileReference; lastKnownFileType = sourcecode.swift; path = LandmarkDetail.swift; sourceTree = "<group>"; };
		497A24A72345CC8D00992A6F /* Assets.xcassets */ = {isa = PBXFileReference; lastKnownFileType = folder.assetcatalog; path = Assets.xcassets; sourceTree = "<group>"; };
		497A24AA2345CC8D00992A6F /* Preview Assets.xcassets */ = {isa = PBXFileReference; lastKnownFileType = folder.assetcatalog; path = "Preview Assets.xcassets"; sourceTree = "<group>"; };
		497A24AD2345CC8D00992A6F /* Base */ = {isa = PBXFileReference; lastKnownFileType = file.storyboard; name = Base; path = Base.lproj/LaunchScreen.storyboard; sourceTree = "<group>"; };
		497A24AF2345CC8D00992A6F /* Info.plist */ = {isa = PBXFileReference; lastKnownFileType = text.plist.xml; path = Info.plist; sourceTree = "<group>"; };
		497A24B52345D1F100992A6F /* CircleImage.swift */ = {isa = PBXFileReference; lastKnownFileType = sourcecode.swift; path = CircleImage.swift; sourceTree = "<group>"; };
		497A24B82345D3C700992A6F /* MapView.swift */ = {isa = PBXFileReference; lastKnownFileType = sourcecode.swift; path = MapView.swift; sourceTree = "<group>"; };
		497A24BB2345D8A800992A6F /* Landmark.swift */ = {isa = PBXFileReference; lastKnownFileType = sourcecode.swift; path = Landmark.swift; sourceTree = "<group>"; };
		497A24BE2345DD1700992A6F /* landmarkData.json */ = {isa = PBXFileReference; fileEncoding = 4; lastKnownFileType = text.json; path = landmarkData.json; sourceTree = "<group>"; };
		49D1E59A234E1F1000109D08 /* Badge.swift */ = {isa = PBXFileReference; lastKnownFileType = sourcecode.swift; path = Badge.swift; sourceTree = "<group>"; };
		49D1E59C234E210F00109D08 /* HexagonParameters.swift */ = {isa = PBXFileReference; lastKnownFileType = sourcecode.swift; path = HexagonParameters.swift; sourceTree = "<group>"; };
		49D1E59E234E258C00109D08 /* BadgeBackground.swift */ = {isa = PBXFileReference; lastKnownFileType = sourcecode.swift; path = BadgeBackground.swift; sourceTree = "<group>"; };
		49D1E5A0234E25EA00109D08 /* BadgeSymbol.swift */ = {isa = PBXFileReference; lastKnownFileType = sourcecode.swift; path = BadgeSymbol.swift; sourceTree = "<group>"; };
		49D1E5A2234E280500109D08 /* RotatedBadgeSymbol.swift */ = {isa = PBXFileReference; lastKnownFileType = sourcecode.swift; path = RotatedBadgeSymbol.swift; sourceTree = "<group>"; };
		49E4E0B7234F731B008C93D0 /* Hike.swift */ = {isa = PBXFileReference; lastKnownFileType = sourcecode.swift; path = Hike.swift; sourceTree = "<group>"; };
		49E4E0BB234F7375008C93D0 /* hikeData.json */ = {isa = PBXFileReference; fileEncoding = 4; lastKnownFileType = text.json; path = hikeData.json; sourceTree = "<group>"; };
		49E4E0BD234F73B0008C93D0 /* HikeGraph.swift */ = {isa = PBXFileReference; lastKnownFileType = sourcecode.swift; path = HikeGraph.swift; sourceTree = "<group>"; };
		49E4E0BF234F73E4008C93D0 /* GraphCapsule.swift */ = {isa = PBXFileReference; lastKnownFileType = sourcecode.swift; path = GraphCapsule.swift; sourceTree = "<group>"; };
		49E4E0C1234F74A7008C93D0 /* HikeView.swift */ = {isa = PBXFileReference; lastKnownFileType = sourcecode.swift; path = HikeView.swift; sourceTree = "<group>"; };
		49E4E0C3234F7748008C93D0 /* HikeDetail.swift */ = {isa = PBXFileReference; lastKnownFileType = sourcecode.swift; path = HikeDetail.swift; sourceTree = "<group>"; };
		49FFA539235C923200D30EA1 /* CategoryHome.swift */ = {isa = PBXFileReference; lastKnownFileType = sourcecode.swift; path = CategoryHome.swift; sourceTree = "<group>"; };
		49FFA53B235C934D00D30EA1 /* CategoryRow.swift */ = {isa = PBXFileReference; lastKnownFileType = sourcecode.swift; path = CategoryRow.swift; sourceTree = "<group>"; };
/* End PBXFileReference section */

/* Begin PBXFrameworksBuildPhase section */
		497A249B2345CC8B00992A6F /* Frameworks */ = {
			isa = PBXFrameworksBuildPhase;
			buildActionMask = 2147483647;
			files = (
			);
			runOnlyForDeploymentPostprocessing = 0;
		};
/* End PBXFrameworksBuildPhase section */

/* Begin PBXGroup section */
		4979B4C123462F3C00B34231 /* Images */ = {
			isa = PBXGroup;
			children = (
				4979B4C223462F3C00B34231 /* charleyrivers.jpg */,
				4979B4C323462F3C00B34231 /* turtlerock.jpg */,
				4979B4C423462F3C00B34231 /* silversalmoncreek.jpg */,
				4979B4C523462F3C00B34231 /* icybay.jpg */,
				4979B4C623462F3C00B34231 /* lakemcdonald.jpg */,
				4979B4C723462F3C00B34231 /* hiddenlake.jpg */,
				4979B4C823462F3C00B34231 /* twinlake.jpg */,
				4979B4C923462F3C00B34231 /* umbagog.jpg */,
				4979B4CA23462F3C00B34231 /* chincoteague.jpg */,
				4979B4CB23462F3C00B34231 /* yukon_charleyrivers.jpg */,
				4979B4CC23462F3C00B34231 /* stmarylake.jpg */,
				4979B4CD23462F3C00B34231 /* chilkoottrail.jpg */,
				4979B4CE23462F3C00B34231 /* rainbowlake.jpg */,
			);
			path = Images;
			sourceTree = "<group>";
		};
		497A24952345CC8A00992A6F = {
			isa = PBXGroup;
			children = (
				497A24A02345CC8B00992A6F /* Landmarks */,
				497A249F2345CC8B00992A6F /* Products */,
			);
			sourceTree = "<group>";
		};
		497A249F2345CC8B00992A6F /* Products */ = {
			isa = PBXGroup;
			children = (
				497A249E2345CC8B00992A6F /* Landmarks.app */,
			);
			name = Products;
			sourceTree = "<group>";
		};
		497A24A02345CC8B00992A6F /* Landmarks */ = {
			isa = PBXGroup;
			children = (
				497A24BD2345DCEA00992A6F /* Resources */,
				497A24BA2345D86200992A6F /* Models */,
				497A24B72345D3A700992A6F /* Views */,
				497A24A12345CC8B00992A6F /* AppDelegate.swift */,
				497A24A32345CC8B00992A6F /* SceneDelegate.swift */,
				497A24AF2345CC8D00992A6F /* Info.plist */,
				497A24A92345CC8D00992A6F /* Preview Content */,
			);
			path = Landmarks;
			sourceTree = "<group>";
		};
		497A24A92345CC8D00992A6F /* Preview Content */ = {
			isa = PBXGroup;
			children = (
				497A24AA2345CC8D00992A6F /* Preview Assets.xcassets */,
			);
			path = "Preview Content";
			sourceTree = "<group>";
		};
		497A24B72345D3A700992A6F /* Views */ = {
			isa = PBXGroup;
			children = (
				497A24A52345CC8B00992A6F /* LandmarkDetail.swift */,
				497A24B52345D1F100992A6F /* CircleImage.swift */,
				497A24B82345D3C700992A6F /* MapView.swift */,
				4979B49E2345DF2000B34231 /* LandmarkRow.swift */,
				4979B4A02345DFE000B34231 /* LandmarkList.swift */,
				49D1E59A234E1F1000109D08 /* Badge.swift */,
				49D1E59E234E258C00109D08 /* BadgeBackground.swift */,
				49D1E5A0234E25EA00109D08 /* BadgeSymbol.swift */,
				49D1E5A2234E280500109D08 /* RotatedBadgeSymbol.swift */,
				49E4E0BF234F73E4008C93D0 /* GraphCapsule.swift */,
				49E4E0BD234F73B0008C93D0 /* HikeGraph.swift */,
				49E4E0C3234F7748008C93D0 /* HikeDetail.swift */,
				49E4E0C1234F74A7008C93D0 /* HikeView.swift */,
				49FFA539235C923200D30EA1 /* CategoryHome.swift */,
				49FFA53B235C934D00D30EA1 /* CategoryRow.swift */,
				493DFBD1235DF457003B679E /* ProfileHost.swift */,
				493DFBD3235DF605003B679E /* ProfileSummary.swift */,
				493DFBD5235DF731003B679E /* HikeBadge.swift */,
				493DFBD7235DFBD3003B679E /* ProfileEditor.swift */,
			);
			path = Views;
			sourceTree = "<group>";
		};
		497A24BA2345D86200992A6F /* Models */ = {
			isa = PBXGroup;
			children = (
				497A24BB2345D8A800992A6F /* Landmark.swift */,
				4979B4A22345E14F00B34231 /* Data.swift */,
				4979B4A42345E24B00B34231 /* ImageStore.swift */,
				4979B4DC234631E500B34231 /* UserData.swift */,
				49D1E59C234E210F00109D08 /* HexagonParameters.swift */,
				49E4E0B7234F731B008C93D0 /* Hike.swift */,
				493DFBCF235DF407003B679E /* Profile.swift */,
			);
			path = Models;
			sourceTree = "<group>";
		};
		497A24BD2345DCEA00992A6F /* Resources */ = {
			isa = PBXGroup;
			children = (
				4979B4C123462F3C00B34231 /* Images */,
				497A24A72345CC8D00992A6F /* Assets.xcassets */,
				497A24AC2345CC8D00992A6F /* LaunchScreen.storyboard */,
				497A24BE2345DD1700992A6F /* landmarkData.json */,
				49E4E0BB234F7375008C93D0 /* hikeData.json */,
			);
			path = Resources;
			sourceTree = "<group>";
		};
/* End PBXGroup section */

/* Begin PBXNativeTarget section */
		497A249D2345CC8B00992A6F /* Landmarks */ = {
			isa = PBXNativeTarget;
			buildConfigurationList = 497A24B22345CC8D00992A6F /* Build configuration list for PBXNativeTarget "Landmarks" */;
			buildPhases = (
				497A249A2345CC8B00992A6F /* Sources */,
				497A249B2345CC8B00992A6F /* Frameworks */,
				497A249C2345CC8B00992A6F /* Resources */,
			);
			buildRules = (
			);
			dependencies = (
			);
			name = Landmarks;
			productName = Landmarks;
			productReference = 497A249E2345CC8B00992A6F /* Landmarks.app */;
			productType = "com.apple.product-type.application";
		};
/* End PBXNativeTarget section */

/* Begin PBXProject section */
		497A24962345CC8A00992A6F /* Project object */ = {
			isa = PBXProject;
			attributes = {
				LastSwiftUpdateCheck = 1100;
				LastUpgradeCheck = 1100;
				ORGANIZATIONNAME = "Jahyun Oh";
				TargetAttributes = {
					497A249D2345CC8B00992A6F = {
						CreatedOnToolsVersion = 11.0;
					};
				};
			};
			buildConfigurationList = 497A24992345CC8A00992A6F /* Build configuration list for PBXProject "Landmarks" */;
			compatibilityVersion = "Xcode 9.3";
			developmentRegion = en;
			hasScannedForEncodings = 0;
			knownRegions = (
				en,
				Base,
			);
			mainGroup = 497A24952345CC8A00992A6F;
			productRefGroup = 497A249F2345CC8B00992A6F /* Products */;
			projectDirPath = "";
			projectRoot = "";
			targets = (
				497A249D2345CC8B00992A6F /* Landmarks */,
			);
		};
/* End PBXProject section */

/* Begin PBXResourcesBuildPhase section */
		497A249C2345CC8B00992A6F /* Resources */ = {
			isa = PBXResourcesBuildPhase;
			buildActionMask = 2147483647;
			files = (
				4979B4D823462F3C00B34231 /* yukon_charleyrivers.jpg in Resources */,
				4979B4D623462F3C00B34231 /* umbagog.jpg in Resources */,
				4979B4CF23462F3C00B34231 /* charleyrivers.jpg in Resources */,
				497A24AE2345CC8D00992A6F /* LaunchScreen.storyboard in Resources */,
				49E4E0BC234F7375008C93D0 /* hikeData.json in Resources */,
				4979B4D223462F3C00B34231 /* icybay.jpg in Resources */,
				4979B4D323462F3C00B34231 /* lakemcdonald.jpg in Resources */,
				4979B4D923462F3C00B34231 /* stmarylake.jpg in Resources */,
				4979B4D723462F3C00B34231 /* chincoteague.jpg in Resources */,
				4979B4D023462F3C00B34231 /* turtlerock.jpg in Resources */,
				4979B4DA23462F3C00B34231 /* chilkoottrail.jpg in Resources */,
				497A24BF2345DD1700992A6F /* landmarkData.json in Resources */,
				4979B4D123462F3C00B34231 /* silversalmoncreek.jpg in Resources */,
				497A24AB2345CC8D00992A6F /* Preview Assets.xcassets in Resources */,
				4979B4D423462F3C00B34231 /* hiddenlake.jpg in Resources */,
				497A24A82345CC8D00992A6F /* Assets.xcassets in Resources */,
				4979B4D523462F3C00B34231 /* twinlake.jpg in Resources */,
				4979B4DB23462F3C00B34231 /* rainbowlake.jpg in Resources */,
			);
			runOnlyForDeploymentPostprocessing = 0;
		};
/* End PBXResourcesBuildPhase section */

/* Begin PBXSourcesBuildPhase section */
		497A249A2345CC8B00992A6F /* Sources */ = {
			isa = PBXSourcesBuildPhase;
			buildActionMask = 2147483647;
			files = (
				49E4E0C0234F73E4008C93D0 /* GraphCapsule.swift in Sources */,
				493DFBD0235DF407003B679E /* Profile.swift in Sources */,
				497A24A22345CC8B00992A6F /* AppDelegate.swift in Sources */,
				49D1E59B234E1F1000109D08 /* Badge.swift in Sources */,
				497A24B62345D1F100992A6F /* CircleImage.swift in Sources */,
				49FFA53A235C923200D30EA1 /* CategoryHome.swift in Sources */,
				497A24B92345D3C700992A6F /* MapView.swift in Sources */,
				49FFA53C235C934D00D30EA1 /* CategoryRow.swift in Sources */,
				49E4E0BE234F73B0008C93D0 /* HikeGraph.swift in Sources */,
				4979B4A52345E24B00B34231 /* ImageStore.swift in Sources */,
				49E4E0B8234F731B008C93D0 /* Hike.swift in Sources */,
				4979B4A12345DFE000B34231 /* LandmarkList.swift in Sources */,
				493DFBD4235DF605003B679E /* ProfileSummary.swift in Sources */,
				4979B4DD234631E500B34231 /* UserData.swift in Sources */,
				493DFBD2235DF457003B679E /* ProfileHost.swift in Sources */,
				497A24A42345CC8B00992A6F /* SceneDelegate.swift in Sources */,
				49D1E5A1234E25EA00109D08 /* BadgeSymbol.swift in Sources */,
				497A24A62345CC8B00992A6F /* LandmarkDetail.swift in Sources */,
				493DFBD8235DFBD3003B679E /* ProfileEditor.swift in Sources */,
				49E4E0C2234F74A7008C93D0 /* HikeView.swift in Sources */,
				49D1E59F234E258C00109D08 /* BadgeBackground.swift in Sources */,
				49D1E59D234E210F00109D08 /* HexagonParameters.swift in Sources */,
				4979B49F2345DF2000B34231 /* LandmarkRow.swift in Sources */,
				493DFBD6235DF731003B679E /* HikeBadge.swift in Sources */,
				4979B4A32345E14F00B34231 /* Data.swift in Sources */,
				497A24BC2345D8A800992A6F /* Landmark.swift in Sources */,
				49D1E5A3234E280500109D08 /* RotatedBadgeSymbol.swift in Sources */,
				49E4E0C4234F7748008C93D0 /* HikeDetail.swift in Sources */,
			);
			runOnlyForDeploymentPostprocessing = 0;
		};
/* End PBXSourcesBuildPhase section */

/* Begin PBXVariantGroup section */
		497A24AC2345CC8D00992A6F /* LaunchScreen.storyboard */ = {
			isa = PBXVariantGroup;
			children = (
				497A24AD2345CC8D00992A6F /* Base */,
			);
			name = LaunchScreen.storyboard;
			sourceTree = "<group>";
		};
/* End PBXVariantGroup section */

/* Begin XCBuildConfiguration section */
		497A24B02345CC8D00992A6F /* Debug */ = {
			isa = XCBuildConfiguration;
			buildSettings = {
				ALWAYS_SEARCH_USER_PATHS = NO;
				CLANG_ANALYZER_NONNULL = YES;
				CLANG_ANALYZER_NUMBER_OBJECT_CONVERSION = YES_AGGRESSIVE;
				CLANG_CXX_LANGUAGE_STANDARD = "gnu++14";
				CLANG_CXX_LIBRARY = "libc++";
				CLANG_ENABLE_MODULES = YES;
				CLANG_ENABLE_OBJC_ARC = YES;
				CLANG_ENABLE_OBJC_WEAK = YES;
				CLANG_WARN_BLOCK_CAPTURE_AUTORELEASING = YES;
				CLANG_WARN_BOOL_CONVERSION = YES;
				CLANG_WARN_COMMA = YES;
				CLANG_WARN_CONSTANT_CONVERSION = YES;
				CLANG_WARN_DEPRECATED_OBJC_IMPLEMENTATIONS = YES;
				CLANG_WARN_DIRECT_OBJC_ISA_USAGE = YES_ERROR;
				CLANG_WARN_DOCUMENTATION_COMMENTS = YES;
				CLANG_WARN_EMPTY_BODY = YES;
				CLANG_WARN_ENUM_CONVERSION = YES;
				CLANG_WARN_INFINITE_RECURSION = YES;
				CLANG_WARN_INT_CONVERSION = YES;
				CLANG_WARN_NON_LITERAL_NULL_CONVERSION = YES;
				CLANG_WARN_OBJC_IMPLICIT_RETAIN_SELF = YES;
				CLANG_WARN_OBJC_LITERAL_CONVERSION = YES;
				CLANG_WARN_OBJC_ROOT_CLASS = YES_ERROR;
				CLANG_WARN_RANGE_LOOP_ANALYSIS = YES;
				CLANG_WARN_STRICT_PROTOTYPES = YES;
				CLANG_WARN_SUSPICIOUS_MOVE = YES;
				CLANG_WARN_UNGUARDED_AVAILABILITY = YES_AGGRESSIVE;
				CLANG_WARN_UNREACHABLE_CODE = YES;
				CLANG_WARN__DUPLICATE_METHOD_MATCH = YES;
				COPY_PHASE_STRIP = NO;
				DEBUG_INFORMATION_FORMAT = dwarf;
				ENABLE_STRICT_OBJC_MSGSEND = YES;
				ENABLE_TESTABILITY = YES;
				GCC_C_LANGUAGE_STANDARD = gnu11;
				GCC_DYNAMIC_NO_PIC = NO;
				GCC_NO_COMMON_BLOCKS = YES;
				GCC_OPTIMIZATION_LEVEL = 0;
				GCC_PREPROCESSOR_DEFINITIONS = (
					"DEBUG=1",
					"$(inherited)",
				);
				GCC_WARN_64_TO_32_BIT_CONVERSION = YES;
				GCC_WARN_ABOUT_RETURN_TYPE = YES_ERROR;
				GCC_WARN_UNDECLARED_SELECTOR = YES;
				GCC_WARN_UNINITIALIZED_AUTOS = YES_AGGRESSIVE;
				GCC_WARN_UNUSED_FUNCTION = YES;
				GCC_WARN_UNUSED_VARIABLE = YES;
				IPHONEOS_DEPLOYMENT_TARGET = 13.0;
				MTL_ENABLE_DEBUG_INFO = INCLUDE_SOURCE;
				MTL_FAST_MATH = YES;
				ONLY_ACTIVE_ARCH = YES;
				SDKROOT = iphoneos;
				SWIFT_ACTIVE_COMPILATION_CONDITIONS = DEBUG;
				SWIFT_OPTIMIZATION_LEVEL = "-Onone";
			};
			name = Debug;
		};
		497A24B12345CC8D00992A6F /* Release */ = {
			isa = XCBuildConfiguration;
			buildSettings = {
				ALWAYS_SEARCH_USER_PATHS = NO;
				CLANG_ANALYZER_NONNULL = YES;
				CLANG_ANALYZER_NUMBER_OBJECT_CONVERSION = YES_AGGRESSIVE;
				CLANG_CXX_LANGUAGE_STANDARD = "gnu++14";
				CLANG_CXX_LIBRARY = "libc++";
				CLANG_ENABLE_MODULES = YES;
				CLANG_ENABLE_OBJC_ARC = YES;
				CLANG_ENABLE_OBJC_WEAK = YES;
				CLANG_WARN_BLOCK_CAPTURE_AUTORELEASING = YES;
				CLANG_WARN_BOOL_CONVERSION = YES;
				CLANG_WARN_COMMA = YES;
				CLANG_WARN_CONSTANT_CONVERSION = YES;
				CLANG_WARN_DEPRECATED_OBJC_IMPLEMENTATIONS = YES;
				CLANG_WARN_DIRECT_OBJC_ISA_USAGE = YES_ERROR;
				CLANG_WARN_DOCUMENTATION_COMMENTS = YES;
				CLANG_WARN_EMPTY_BODY = YES;
				CLANG_WARN_ENUM_CONVERSION = YES;
				CLANG_WARN_INFINITE_RECURSION = YES;
				CLANG_WARN_INT_CONVERSION = YES;
				CLANG_WARN_NON_LITERAL_NULL_CONVERSION = YES;
				CLANG_WARN_OBJC_IMPLICIT_RETAIN_SELF = YES;
				CLANG_WARN_OBJC_LITERAL_CONVERSION = YES;
				CLANG_WARN_OBJC_ROOT_CLASS = YES_ERROR;
				CLANG_WARN_RANGE_LOOP_ANALYSIS = YES;
				CLANG_WARN_STRICT_PROTOTYPES = YES;
				CLANG_WARN_SUSPICIOUS_MOVE = YES;
				CLANG_WARN_UNGUARDED_AVAILABILITY = YES_AGGRESSIVE;
				CLANG_WARN_UNREACHABLE_CODE = YES;
				CLANG_WARN__DUPLICATE_METHOD_MATCH = YES;
				COPY_PHASE_STRIP = NO;
				DEBUG_INFORMATION_FORMAT = "dwarf-with-dsym";
				ENABLE_NS_ASSERTIONS = NO;
				ENABLE_STRICT_OBJC_MSGSEND = YES;
				GCC_C_LANGUAGE_STANDARD = gnu11;
				GCC_NO_COMMON_BLOCKS = YES;
				GCC_WARN_64_TO_32_BIT_CONVERSION = YES;
				GCC_WARN_ABOUT_RETURN_TYPE = YES_ERROR;
				GCC_WARN_UNDECLARED_SELECTOR = YES;
				GCC_WARN_UNINITIALIZED_AUTOS = YES_AGGRESSIVE;
				GCC_WARN_UNUSED_FUNCTION = YES;
				GCC_WARN_UNUSED_VARIABLE = YES;
				IPHONEOS_DEPLOYMENT_TARGET = 13.0;
				MTL_ENABLE_DEBUG_INFO = NO;
				MTL_FAST_MATH = YES;
				SDKROOT = iphoneos;
				SWIFT_COMPILATION_MODE = wholemodule;
				SWIFT_OPTIMIZATION_LEVEL = "-O";
				VALIDATE_PRODUCT = YES;
			};
			name = Release;
		};
		497A24B32345CC8D00992A6F /* Debug */ = {
			isa = XCBuildConfiguration;
			buildSettings = {
				ASSETCATALOG_COMPILER_APPICON_NAME = AppIcon;
				CODE_SIGN_STYLE = Automatic;
				DEVELOPMENT_ASSET_PATHS = "\"Landmarks/Preview Content\"";
				ENABLE_PREVIEWS = YES;
				INFOPLIST_FILE = Landmarks/Info.plist;
				LD_RUNPATH_SEARCH_PATHS = (
					"$(inherited)",
					"@executable_path/Frameworks",
				);
				PRODUCT_BUNDLE_IDENTIFIER = io.github.soharu.Landmarks;
				PRODUCT_NAME = "$(TARGET_NAME)";
				SWIFT_VERSION = 5.0;
				TARGETED_DEVICE_FAMILY = "1,2";
			};
			name = Debug;
		};
		497A24B42345CC8D00992A6F /* Release */ = {
			isa = XCBuildConfiguration;
			buildSettings = {
				ASSETCATALOG_COMPILER_APPICON_NAME = AppIcon;
				CODE_SIGN_STYLE = Automatic;
				DEVELOPMENT_ASSET_PATHS = "\"Landmarks/Preview Content\"";
				ENABLE_PREVIEWS = YES;
				INFOPLIST_FILE = Landmarks/Info.plist;
				LD_RUNPATH_SEARCH_PATHS = (
					"$(inherited)",
					"@executable_path/Frameworks",
				);
				PRODUCT_BUNDLE_IDENTIFIER = io.github.soharu.Landmarks;
				PRODUCT_NAME = "$(TARGET_NAME)";
				SWIFT_VERSION = 5.0;
				TARGETED_DEVICE_FAMILY = "1,2";
			};
			name = Release;
		};
/* End XCBuildConfiguration section */

/* Begin XCConfigurationList section */
		497A24992345CC8A00992A6F /* Build configuration list for PBXProject "Landmarks" */ = {
			isa = XCConfigurationList;
			buildConfigurations = (
				497A24B02345CC8D00992A6F /* Debug */,
				497A24B12345CC8D00992A6F /* Release */,
			);
			defaultConfigurationIsVisible = 0;
			defaultConfigurationName = Release;
		};
		497A24B22345CC8D00992A6F /* Build configuration list for PBXNativeTarget "Landmarks" */ = {
			isa = XCConfigurationList;
			buildConfigurations = (
				497A24B32345CC8D00992A6F /* Debug */,
				497A24B42345CC8D00992A6F /* Release */,
			);
			defaultConfigurationIsVisible = 0;
			defaultConfigurationName = Release;
		};
/* End XCConfigurationList section */
	};
	rootObject = 497A24962345CC8A00992A6F /* Project object */;
}
